# This file is automatically @generated by Cargo.
# It is not intended for manual editing.
version = 3

[[package]]
name = "chaqmoq"
version = "0.1.0"
dependencies = [
 "minimio",
]

[[package]]
name = "minimio"
version = "0.1.0"
source = "git+https://github.com/cfsamson/examples-minimio?branch=master#f94e2fb2d5cea80a22f11499ca1a2bfc45bae8b3"
